{"format_version":"1.1","terraform_version":"1.2.5","variables":{"aws_region":{"value":"us-east-1"},"blue_instance_count":{"value":2},"enable_blue_env":{"value":true},"enable_green_env":{"value":false},"green_instance_count":{"value":2},"infrastructure_version":{"value":"1"},"instance_type":{"value":"t2.micro"},"profile":{"value":"default"},"traffic_distribution":{"value":"split"}},"planned_values":{"outputs":{"lb_dns_name":{"sensitive":false}},"root_module":{"resources":[{"address":"aws_instance.Blue-green-deployment-blue[0]","mode":"managed","type":"aws_instance","name":"Blue-green-deployment-blue","index":0,"provider_name":"registry.terraform.io/hashicorp/aws","schema_version":1,"values":{"ami":"ami-007868005aea67c54","credit_specification":[],"get_password_data":false,"hibernation":null,"instance_type":"t2.micro","launch_template":[],"source_dest_check":true,"tags":{"InfrastructureVersion":"1","Name":"Blue/Green Deployment 1 (v1)"},"tags_all":{"InfrastructureVersion":"1","Name":"Blue/Green Deployment 1 (v1)"},"timeouts":null,"user_data":"60f2242f5ad07ef14afb90a66f02ac40cbf903bd","user_data_replace_on_change":false,"volume_tags":null},"sensitive_values":{"capacity_reservation_specification":[],"credit_specification":[],"ebs_block_device":[],"enclave_options":[],"ephemeral_block_device":[],"ipv6_addresses":[],"launch_template":[],"maintenance_options":[],"metadata_options":[],"network_interface":[],"private_dns_name_options":[],"root_block_device":[],"secondary_private_ips":[],"security_groups":[],"tags":{},"tags_all":{},"vpc_security_group_ids":[]}},{"address":"aws_instance.Blue-green-deployment-blue[1]","mode":"managed","type":"aws_instance","name":"Blue-green-deployment-blue","index":1,"provider_name":"registry.terraform.io/hashicorp/aws","schema_version":1,"values":{"ami":"ami-007868005aea67c54","credit_specification":[],"get_password_data":false,"hibernation":null,"instance_type":"t2.micro","launch_template":[],"source_dest_check":true,"tags":{"InfrastructureVersion":"1","Name":"Blue/Green Deployment 2 (v1)"},"tags_all":{"InfrastructureVersion":"1","Name":"Blue/Green Deployment 2 (v1)"},"timeouts":null,"user_data":"85617ec3da3dd1eb1e1ae13380d7168a7610e891","user_data_replace_on_change":false,"volume_tags":null},"sensitive_values":{"capacity_reservation_specification":[],"credit_specification":[],"ebs_block_device":[],"enclave_options":[],"ephemeral_block_device":[],"ipv6_addresses":[],"launch_template":[],"maintenance_options":[],"metadata_options":[],"network_interface":[],"private_dns_name_options":[],"root_block_device":[],"secondary_private_ips":[],"security_groups":[],"tags":{},"tags_all":{},"vpc_security_group_ids":[]}},{"address":"aws_internet_gateway.Blue-green-deployment","mode":"managed","type":"aws_internet_gateway","name":"Blue-green-deployment","provider_name":"registry.terraform.io/hashicorp/aws","schema_version":0,"values":{"tags":{"Name":"Blue-green-deployment  (v1"},"tags_all":{"Name":"Blue-green-deployment  (v1"},"timeouts":null},"sensitive_values":{"tags":{},"tags_all":{}}},{"address":"aws_lb.Blue-green-deployment","mode":"managed","type":"aws_lb","name":"Blue-green-deployment","provider_name":"registry.terraform.io/hashicorp/aws","schema_version":0,"values":{"access_logs":[],"customer_owned_ipv4_pool":null,"desync_mitigation_mode":"defensive","drop_invalid_header_fields":false,"enable_cross_zone_load_balancing":null,"enable_deletion_protection":false,"enable_http2":true,"enable_waf_fail_open":false,"idle_timeout":60,"internal":false,"load_balancer_type":"application","name":"Blue-Green-Deployment-v1","name_prefix":null,"preserve_host_header":false,"tags":{"Name":"Blue-green-deployment-v1"},"tags_all":{"Name":"Blue-green-deployment-v1"},"timeouts":null},"sensitive_values":{"access_logs":[],"security_groups":[],"subnet_mapping":[],"subnets":[],"tags":{},"tags_all":{}}},{"address":"aws_lb_listener.Blue-green-deployment","mode":"managed","type":"aws_lb_listener","name":"Blue-green-deployment","provider_name":"registry.terraform.io/hashicorp/aws","schema_version":0,"values":{"alpn_policy":null,"certificate_arn":null,"default_action":[{"authenticate_cognito":[],"authenticate_oidc":[],"fixed_response":[],"forward":[{"stickiness":[{"duration":1,"enabled":false}],"target_group":[{"weight":50},{"weight":50}]}],"redirect":[],"target_group_arn":null,"type":"forward"}],"port":80,"protocol":"HTTP","tags":null,"timeouts":null},"sensitive_values":{"default_action":[{"authenticate_cognito":[],"authenticate_oidc":[],"fixed_response":[],"forward":[{"stickiness":[{}],"target_group":[{},{}]}],"redirect":[]}],"tags_all":{}}},{"address":"aws_lb_target_group.Blue-green-deployment-blue","mode":"managed","type":"aws_lb_target_group","name":"Blue-green-deployment-blue","provider_name":"registry.terraform.io/hashicorp/aws","schema_version":0,"values":{"connection_termination":false,"deregistration_delay":"300","health_check":[{"enabled":true,"healthy_threshold":3,"interval":10,"port":"80","protocol":"HTTP","timeout":5,"unhealthy_threshold":3}],"lambda_multi_value_headers_enabled":false,"name":"Blue-tg-blue-v1","name_prefix":null,"port":80,"protocol":"HTTP","proxy_protocol_v2":false,"slow_start":0,"tags":null,"target_type":"instance"},"sensitive_values":{"health_check":[{}],"stickiness":[],"tags_all":{},"target_failover":[]}},{"address":"aws_lb_target_group.Blue-green-deployment-green","mode":"managed","type":"aws_lb_target_group","name":"Blue-green-deployment-green","provider_name":"registry.terraform.io/hashicorp/aws","schema_version":0,"values":{"connection_termination":false,"deregistration_delay":"300","health_check":[{"enabled":true,"healthy_threshold":3,"interval":10,"port":"80","protocol":"HTTP","timeout":5,"unhealthy_threshold":3}],"lambda_multi_value_headers_enabled":false,"name":"blue-tg-green-v1","name_prefix":null,"port":80,"protocol":"HTTP","proxy_protocol_v2":false,"slow_start":0,"tags":null,"target_type":"instance"},"sensitive_values":{"health_check":[{}],"stickiness":[],"tags_all":{},"target_failover":[]}},{"address":"aws_lb_target_group_attachment.Blue-green-deployment-blue[0]","mode":"managed","type":"aws_lb_target_group_attachment","name":"Blue-green-deployment-blue","index":0,"provider_name":"registry.terraform.io/hashicorp/aws","schema_version":0,"values":{"availability_zone":null,"port":80},"sensitive_values":{}},{"address":"aws_lb_target_group_attachment.Blue-green-deployment-blue[1]","mode":"managed","type":"aws_lb_target_group_attachment","name":"Blue-green-deployment-blue","index":1,"provider_name":"registry.terraform.io/hashicorp/aws","schema_version":0,"values":{"availability_zone":null,"port":80},"sensitive_values":{}},{"address":"aws_route_table.Blue-green-deployment","mode":"managed","type":"aws_route_table","name":"Blue-green-deployment","provider_name":"registry.terraform.io/hashicorp/aws","schema_version":0,"values":{"route":[{"carrier_gateway_id":"","cidr_block":"0.0.0.0/0","core_network_arn":"","destination_prefix_list_id":"","egress_only_gateway_id":"","instance_id":"","ipv6_cidr_block":"","local_gateway_id":"","nat_gateway_id":"","network_interface_id":"","transit_gateway_id":"","vpc_endpoint_id":"","vpc_peering_connection_id":""}],"tags":{"Name":"Blue-green-deployment  (v1"},"tags_all":{"Name":"Blue-green-deployment  (v1"},"timeouts":null},"sensitive_values":{"propagating_vgws":[],"route":[{}],"tags":{},"tags_all":{}}},{"address":"aws_route_table_association.Blue-green-deployment[0]","mode":"managed","type":"aws_route_table_association","name":"Blue-green-deployment","index":0,"provider_name":"registry.terraform.io/hashicorp/aws","schema_version":0,"values":{"gateway_id":null},"sensitive_values":{}},{"address":"aws_route_table_association.Blue-green-deployment[1]","mode":"managed","type":"aws_route_table_association","name":"Blue-green-deployment","index":1,"provider_name":"registry.terraform.io/hashicorp/aws","schema_version":0,"values":{"gateway_id":null},"sensitive_values":{}},{"address":"aws_route_table_association.Blue-green-deployment[2]","mode":"managed","type":"aws_route_table_association","name":"Blue-green-deployment","index":2,"provider_name":"registry.terraform.io/hashicorp/aws","schema_version":0,"values":{"gateway_id":null},"sensitive_values":{}},{"address":"aws_security_group.Blue-green-deployment","mode":"managed","type":"aws_security_group","name":"Blue-green-deployment","provider_name":"registry.terraform.io/hashicorp/aws","schema_version":1,"values":{"description":"Blue-green-deployment","name":"Blue-green-deployment (v1)","revoke_rules_on_delete":false,"tags":{"Name":"Blue-green-deployment (v1)"},"tags_all":{"Name":"Blue-green-deployment (v1)"},"timeouts":null},"sensitive_values":{"egress":[],"ingress":[],"tags":{},"tags_all":{}}},{"address":"aws_security_group_rule.Blue-green-deployment-inbound","mode":"managed","type":"aws_security_group_rule","name":"Blue-green-deployment-inbound","provider_name":"registry.terraform.io/hashicorp/aws","schema_version":2,"values":{"cidr_blocks":["0.0.0.0/0"],"description":null,"from_port":80,"ipv6_cidr_blocks":null,"prefix_list_ids":null,"protocol":"tcp","self":false,"timeouts":null,"to_port":80,"type":"ingress"},"sensitive_values":{"cidr_blocks":[false]}},{"address":"aws_security_group_rule.Blue-green-deployment-outbound","mode":"managed","type":"aws_security_group_rule","name":"Blue-green-deployment-outbound","provider_name":"registry.terraform.io/hashicorp/aws","schema_version":2,"values":{"cidr_blocks":["0.0.0.0/0"],"description":null,"from_port":0,"ipv6_cidr_blocks":null,"prefix_list_ids":null,"protocol":"-1","self":false,"timeouts":null,"to_port":0,"type":"egress"},"sensitive_values":{"cidr_blocks":[false]}},{"address":"aws_subnet.Blue-green-deployment[0]","mode":"managed","type":"aws_subnet","name":"Blue-green-deployment","index":0,"provider_name":"registry.terraform.io/hashicorp/aws","schema_version":1,"values":{"assign_ipv6_address_on_creation":false,"availability_zone":"us-east-1a","cidr_block":"10.0.1.0/24","customer_owned_ipv4_pool":null,"enable_dns64":false,"enable_resource_name_dns_a_record_on_launch":false,"enable_resource_name_dns_aaaa_record_on_launch":false,"ipv6_cidr_block":null,"ipv6_native":false,"map_customer_owned_ip_on_launch":null,"map_public_ip_on_launch":true,"outpost_arn":null,"tags":{"Name":"us-east-1a (v1)"},"tags_all":{"Name":"us-east-1a (v1)"},"timeouts":null},"sensitive_values":{"tags":{},"tags_all":{}}},{"address":"aws_subnet.Blue-green-deployment[1]","mode":"managed","type":"aws_subnet","name":"Blue-green-deployment","index":1,"provider_name":"registry.terraform.io/hashicorp/aws","schema_version":1,"values":{"assign_ipv6_address_on_creation":false,"availability_zone":"us-east-1b","cidr_block":"10.0.2.0/24","customer_owned_ipv4_pool":null,"enable_dns64":false,"enable_resource_name_dns_a_record_on_launch":false,"enable_resource_name_dns_aaaa_record_on_launch":false,"ipv6_cidr_block":null,"ipv6_native":false,"map_customer_owned_ip_on_launch":null,"map_public_ip_on_launch":true,"outpost_arn":null,"tags":{"Name":"us-east-1b (v1)"},"tags_all":{"Name":"us-east-1b (v1)"},"timeouts":null},"sensitive_values":{"tags":{},"tags_all":{}}},{"address":"aws_subnet.Blue-green-deployment[2]","mode":"managed","type":"aws_subnet","name":"Blue-green-deployment","index":2,"provider_name":"registry.terraform.io/hashicorp/aws","schema_version":1,"values":{"assign_ipv6_address_on_creation":false,"availability_zone":"us-east-1c","cidr_block":"10.0.3.0/24","customer_owned_ipv4_pool":null,"enable_dns64":false,"enable_resource_name_dns_a_record_on_launch":false,"enable_resource_name_dns_aaaa_record_on_launch":false,"ipv6_cidr_block":null,"ipv6_native":false,"map_customer_owned_ip_on_launch":null,"map_public_ip_on_launch":true,"outpost_arn":null,"tags":{"Name":"us-east-1c (v1)"},"tags_all":{"Name":"us-east-1c (v1)"},"timeouts":null},"sensitive_values":{"tags":{},"tags_all":{}}},{"address":"aws_vpc.Blue-green-deployment","mode":"managed","type":"aws_vpc","name":"Blue-green-deployment","provider_name":"registry.terraform.io/hashicorp/aws","schema_version":1,"values":{"assign_generated_ipv6_cidr_block":null,"cidr_block":"10.0.0.0/16","enable_classiclink":false,"enable_dns_hostnames":true,"enable_dns_support":true,"instance_tenancy":"default","ipv4_ipam_pool_id":null,"ipv4_netmask_length":null,"ipv6_ipam_pool_id":null,"ipv6_netmask_length":null,"tags":{"Name":"Blue-green-deployment (v1)"},"tags_all":{"Name":"Blue-green-deployment (v1)"}},"sensitive_values":{"tags":{},"tags_all":{}}}]}},"resource_changes":[{"address":"aws_instance.Blue-green-deployment-blue[0]","mode":"managed","type":"aws_instance","name":"Blue-green-deployment-blue","index":0,"provider_name":"registry.terraform.io/hashicorp/aws","change":{"actions":["create"],"before":null,"after":{"ami":"ami-007868005aea67c54","credit_specification":[],"get_password_data":false,"hibernation":null,"instance_type":"t2.micro","launch_template":[],"source_dest_check":true,"tags":{"InfrastructureVersion":"1","Name":"Blue/Green Deployment 1 (v1)"},"tags_all":{"InfrastructureVersion":"1","Name":"Blue/Green Deployment 1 (v1)"},"timeouts":null,"user_data":"60f2242f5ad07ef14afb90a66f02ac40cbf903bd","user_data_replace_on_change":false,"volume_tags":null},"after_unknown":{"arn":true,"associate_public_ip_address":true,"availability_zone":true,"capacity_reservation_specification":true,"cpu_core_count":true,"cpu_threads_per_core":true,"credit_specification":[],"disable_api_stop":true,"disable_api_termination":true,"ebs_block_device":true,"ebs_optimized":true,"enclave_options":true,"ephemeral_block_device":true,"host_id":true,"host_resource_group_arn":true,"iam_instance_profile":true,"id":true,"instance_initiated_shutdown_behavior":true,"instance_state":true,"ipv6_address_count":true,"ipv6_addresses":true,"key_name":true,"launch_template":[],"maintenance_options":true,"metadata_options":true,"monitoring":true,"network_interface":true,"outpost_arn":true,"password_data":true,"placement_group":true,"placement_partition_number":true,"primary_network_interface_id":true,"private_dns":true,"private_dns_name_options":true,"private_ip":true,"public_dns":true,"public_ip":true,"root_block_device":true,"secondary_private_ips":true,"security_groups":true,"subnet_id":true,"tags":{},"tags_all":{},"tenancy":true,"user_data_base64":true,"vpc_security_group_ids":true},"before_sensitive":false,"after_sensitive":{"capacity_reservation_specification":[],"credit_specification":[],"ebs_block_device":[],"enclave_options":[],"ephemeral_block_device":[],"ipv6_addresses":[],"launch_template":[],"maintenance_options":[],"metadata_options":[],"network_interface":[],"private_dns_name_options":[],"root_block_device":[],"secondary_private_ips":[],"security_groups":[],"tags":{},"tags_all":{},"vpc_security_group_ids":[]}}},{"address":"aws_instance.Blue-green-deployment-blue[1]","mode":"managed","type":"aws_instance","name":"Blue-green-deployment-blue","index":1,"provider_name":"registry.terraform.io/hashicorp/aws","change":{"actions":["create"],"before":null,"after":{"ami":"ami-007868005aea67c54","credit_specification":[],"get_password_data":false,"hibernation":null,"instance_type":"t2.micro","launch_template":[],"source_dest_check":true,"tags":{"InfrastructureVersion":"1","Name":"Blue/Green Deployment 2 (v1)"},"tags_all":{"InfrastructureVersion":"1","Name":"Blue/Green Deployment 2 (v1)"},"timeouts":null,"user_data":"85617ec3da3dd1eb1e1ae13380d7168a7610e891","user_data_replace_on_change":false,"volume_tags":null},"after_unknown":{"arn":true,"associate_public_ip_address":true,"availability_zone":true,"capacity_reservation_specification":true,"cpu_core_count":true,"cpu_threads_per_core":true,"credit_specification":[],"disable_api_stop":true,"disable_api_termination":true,"ebs_block_device":true,"ebs_optimized":true,"enclave_options":true,"ephemeral_block_device":true,"host_id":true,"host_resource_group_arn":true,"iam_instance_profile":true,"id":true,"instance_initiated_shutdown_behavior":true,"instance_state":true,"ipv6_address_count":true,"ipv6_addresses":true,"key_name":true,"launch_template":[],"maintenance_options":true,"metadata_options":true,"monitoring":true,"network_interface":true,"outpost_arn":true,"password_data":true,"placement_group":true,"placement_partition_number":true,"primary_network_interface_id":true,"private_dns":true,"private_dns_name_options":true,"private_ip":true,"public_dns":true,"public_ip":true,"root_block_device":true,"secondary_private_ips":true,"security_groups":true,"subnet_id":true,"tags":{},"tags_all":{},"tenancy":true,"user_data_base64":true,"vpc_security_group_ids":true},"before_sensitive":false,"after_sensitive":{"capacity_reservation_specification":[],"credit_specification":[],"ebs_block_device":[],"enclave_options":[],"ephemeral_block_device":[],"ipv6_addresses":[],"launch_template":[],"maintenance_options":[],"metadata_options":[],"network_interface":[],"private_dns_name_options":[],"root_block_device":[],"secondary_private_ips":[],"security_groups":[],"tags":{},"tags_all":{},"vpc_security_group_ids":[]}}},{"address":"aws_internet_gateway.Blue-green-deployment","mode":"managed","type":"aws_internet_gateway","name":"Blue-green-deployment","provider_name":"registry.terraform.io/hashicorp/aws","change":{"actions":["create"],"before":null,"after":{"tags":{"Name":"Blue-green-deployment  (v1"},"tags_all":{"Name":"Blue-green-deployment  (v1"},"timeouts":null},"after_unknown":{"arn":true,"id":true,"owner_id":true,"tags":{},"tags_all":{},"vpc_id":true},"before_sensitive":false,"after_sensitive":{"tags":{},"tags_all":{}}}},{"address":"aws_lb.Blue-green-deployment","mode":"managed","type":"aws_lb","name":"Blue-green-deployment","provider_name":"registry.terraform.io/hashicorp/aws","change":{"actions":["create"],"before":null,"after":{"access_logs":[],"customer_owned_ipv4_pool":null,"desync_mitigation_mode":"defensive","drop_invalid_header_fields":false,"enable_cross_zone_load_balancing":null,"enable_deletion_protection":false,"enable_http2":true,"enable_waf_fail_open":false,"idle_timeout":60,"internal":false,"load_balancer_type":"application","name":"Blue-Green-Deployment-v1","name_prefix":null,"preserve_host_header":false,"tags":{"Name":"Blue-green-deployment-v1"},"tags_all":{"Name":"Blue-green-deployment-v1"},"timeouts":null},"after_unknown":{"access_logs":[],"arn":true,"arn_suffix":true,"dns_name":true,"id":true,"ip_address_type":true,"security_groups":true,"subnet_mapping":true,"subnets":true,"tags":{},"tags_all":{},"vpc_id":true,"zone_id":true},"before_sensitive":false,"after_sensitive":{"access_logs":[],"security_groups":[],"subnet_mapping":[],"subnets":[],"tags":{},"tags_all":{}}}},{"address":"aws_lb_listener.Blue-green-deployment","mode":"managed","type":"aws_lb_listener","name":"Blue-green-deployment","provider_name":"registry.terraform.io/hashicorp/aws","change":{"actions":["create"],"before":null,"after":{"alpn_policy":null,"certificate_arn":null,"default_action":[{"authenticate_cognito":[],"authenticate_oidc":[],"fixed_response":[],"forward":[{"stickiness":[{"duration":1,"enabled":false}],"target_group":[{"weight":50},{"weight":50}]}],"redirect":[],"target_group_arn":null,"type":"forward"}],"port":80,"protocol":"HTTP","tags":null,"timeouts":null},"after_unknown":{"arn":true,"default_action":[{"authenticate_cognito":[],"authenticate_oidc":[],"fixed_response":[],"forward":[{"stickiness":[{}],"target_group":[{"arn":true},{"arn":true}]}],"order":true,"redirect":[]}],"id":true,"load_balancer_arn":true,"ssl_policy":true,"tags_all":true},"before_sensitive":false,"after_sensitive":{"default_action":[{"authenticate_cognito":[],"authenticate_oidc":[],"fixed_response":[],"forward":[{"stickiness":[{}],"target_group":[{},{}]}],"redirect":[]}],"tags_all":{}}}},{"address":"aws_lb_target_group.Blue-green-deployment-blue","mode":"managed","type":"aws_lb_target_group","name":"Blue-green-deployment-blue","provider_name":"registry.terraform.io/hashicorp/aws","change":{"actions":["create"],"before":null,"after":{"connection_termination":false,"deregistration_delay":"300","health_check":[{"enabled":true,"healthy_threshold":3,"interval":10,"port":"80","protocol":"HTTP","timeout":5,"unhealthy_threshold":3}],"lambda_multi_value_headers_enabled":false,"name":"Blue-tg-blue-v1","name_prefix":null,"port":80,"protocol":"HTTP","proxy_protocol_v2":false,"slow_start":0,"tags":null,"target_type":"instance"},"after_unknown":{"arn":true,"arn_suffix":true,"health_check":[{"matcher":true,"path":true}],"id":true,"ip_address_type":true,"load_balancing_algorithm_type":true,"preserve_client_ip":true,"protocol_version":true,"stickiness":true,"tags_all":true,"target_failover":true,"vpc_id":true},"before_sensitive":false,"after_sensitive":{"health_check":[{}],"stickiness":[],"tags_all":{},"target_failover":[]}}},{"address":"aws_lb_target_group.Blue-green-deployment-green","mode":"managed","type":"aws_lb_target_group","name":"Blue-green-deployment-green","provider_name":"registry.terraform.io/hashicorp/aws","change":{"actions":["create"],"before":null,"after":{"connection_termination":false,"deregistration_delay":"300","health_check":[{"enabled":true,"healthy_threshold":3,"interval":10,"port":"80","protocol":"HTTP","timeout":5,"unhealthy_threshold":3}],"lambda_multi_value_headers_enabled":false,"name":"blue-tg-green-v1","name_prefix":null,"port":80,"protocol":"HTTP","proxy_protocol_v2":false,"slow_start":0,"tags":null,"target_type":"instance"},"after_unknown":{"arn":true,"arn_suffix":true,"health_check":[{"matcher":true,"path":true}],"id":true,"ip_address_type":true,"load_balancing_algorithm_type":true,"preserve_client_ip":true,"protocol_version":true,"stickiness":true,"tags_all":true,"target_failover":true,"vpc_id":true},"before_sensitive":false,"after_sensitive":{"health_check":[{}],"stickiness":[],"tags_all":{},"target_failover":[]}}},{"address":"aws_lb_target_group_attachment.Blue-green-deployment-blue[0]","mode":"managed","type":"aws_lb_target_group_attachment","name":"Blue-green-deployment-blue","index":0,"provider_name":"registry.terraform.io/hashicorp/aws","change":{"actions":["create"],"before":null,"after":{"availability_zone":null,"port":80},"after_unknown":{"id":true,"target_group_arn":true,"target_id":true},"before_sensitive":false,"after_sensitive":{}}},{"address":"aws_lb_target_group_attachment.Blue-green-deployment-blue[1]","mode":"managed","type":"aws_lb_target_group_attachment","name":"Blue-green-deployment-blue","index":1,"provider_name":"registry.terraform.io/hashicorp/aws","change":{"actions":["create"],"before":null,"after":{"availability_zone":null,"port":80},"after_unknown":{"id":true,"target_group_arn":true,"target_id":true},"before_sensitive":false,"after_sensitive":{}}},{"address":"aws_route_table.Blue-green-deployment","mode":"managed","type":"aws_route_table","name":"Blue-green-deployment","provider_name":"registry.terraform.io/hashicorp/aws","change":{"actions":["create"],"before":null,"after":{"route":[{"carrier_gateway_id":"","cidr_block":"0.0.0.0/0","core_network_arn":"","destination_prefix_list_id":"","egress_only_gateway_id":"","instance_id":"","ipv6_cidr_block":"","local_gateway_id":"","nat_gateway_id":"","network_interface_id":"","transit_gateway_id":"","vpc_endpoint_id":"","vpc_peering_connection_id":""}],"tags":{"Name":"Blue-green-deployment  (v1"},"tags_all":{"Name":"Blue-green-deployment  (v1"},"timeouts":null},"after_unknown":{"arn":true,"id":true,"owner_id":true,"propagating_vgws":true,"route":[{"gateway_id":true}],"tags":{},"tags_all":{},"vpc_id":true},"before_sensitive":false,"after_sensitive":{"propagating_vgws":[],"route":[{}],"tags":{},"tags_all":{}}}},{"address":"aws_route_table_association.Blue-green-deployment[0]","mode":"managed","type":"aws_route_table_association","name":"Blue-green-deployment","index":0,"provider_name":"registry.terraform.io/hashicorp/aws","change":{"actions":["create"],"before":null,"after":{"gateway_id":null},"after_unknown":{"id":true,"route_table_id":true,"subnet_id":true},"before_sensitive":false,"after_sensitive":{}}},{"address":"aws_route_table_association.Blue-green-deployment[1]","mode":"managed","type":"aws_route_table_association","name":"Blue-green-deployment","index":1,"provider_name":"registry.terraform.io/hashicorp/aws","change":{"actions":["create"],"before":null,"after":{"gateway_id":null},"after_unknown":{"id":true,"route_table_id":true,"subnet_id":true},"before_sensitive":false,"after_sensitive":{}}},{"address":"aws_route_table_association.Blue-green-deployment[2]","mode":"managed","type":"aws_route_table_association","name":"Blue-green-deployment","index":2,"provider_name":"registry.terraform.io/hashicorp/aws","change":{"actions":["create"],"before":null,"after":{"gateway_id":null},"after_unknown":{"id":true,"route_table_id":true,"subnet_id":true},"before_sensitive":false,"after_sensitive":{}}},{"address":"aws_security_group.Blue-green-deployment","mode":"managed","type":"aws_security_group","name":"Blue-green-deployment","provider_name":"registry.terraform.io/hashicorp/aws","change":{"actions":["create"],"before":null,"after":{"description":"Blue-green-deployment","name":"Blue-green-deployment (v1)","revoke_rules_on_delete":false,"tags":{"Name":"Blue-green-deployment (v1)"},"tags_all":{"Name":"Blue-green-deployment (v1)"},"timeouts":null},"after_unknown":{"arn":true,"egress":true,"id":true,"ingress":true,"name_prefix":true,"owner_id":true,"tags":{},"tags_all":{},"vpc_id":true},"before_sensitive":false,"after_sensitive":{"egress":[],"ingress":[],"tags":{},"tags_all":{}}}},{"address":"aws_security_group_rule.Blue-green-deployment-inbound","mode":"managed","type":"aws_security_group_rule","name":"Blue-green-deployment-inbound","provider_name":"registry.terraform.io/hashicorp/aws","change":{"actions":["create"],"before":null,"after":{"cidr_blocks":["0.0.0.0/0"],"description":null,"from_port":80,"ipv6_cidr_blocks":null,"prefix_list_ids":null,"protocol":"tcp","self":false,"timeouts":null,"to_port":80,"type":"ingress"},"after_unknown":{"cidr_blocks":[false],"id":true,"security_group_id":true,"security_group_rule_id":true,"source_security_group_id":true},"before_sensitive":false,"after_sensitive":{"cidr_blocks":[false]}}},{"address":"aws_security_group_rule.Blue-green-deployment-outbound","mode":"managed","type":"aws_security_group_rule","name":"Blue-green-deployment-outbound","provider_name":"registry.terraform.io/hashicorp/aws","change":{"actions":["create"],"before":null,"after":{"cidr_blocks":["0.0.0.0/0"],"description":null,"from_port":0,"ipv6_cidr_blocks":null,"prefix_list_ids":null,"protocol":"-1","self":false,"timeouts":null,"to_port":0,"type":"egress"},"after_unknown":{"cidr_blocks":[false],"id":true,"security_group_id":true,"security_group_rule_id":true,"source_security_group_id":true},"before_sensitive":false,"after_sensitive":{"cidr_blocks":[false]}}},{"address":"aws_subnet.Blue-green-deployment[0]","mode":"managed","type":"aws_subnet","name":"Blue-green-deployment","index":0,"provider_name":"registry.terraform.io/hashicorp/aws","change":{"actions":["create"],"before":null,"after":{"assign_ipv6_address_on_creation":false,"availability_zone":"us-east-1a","cidr_block":"10.0.1.0/24","customer_owned_ipv4_pool":null,"enable_dns64":false,"enable_resource_name_dns_a_record_on_launch":false,"enable_resource_name_dns_aaaa_record_on_launch":false,"ipv6_cidr_block":null,"ipv6_native":false,"map_customer_owned_ip_on_launch":null,"map_public_ip_on_launch":true,"outpost_arn":null,"tags":{"Name":"us-east-1a (v1)"},"tags_all":{"Name":"us-east-1a (v1)"},"timeouts":null},"after_unknown":{"arn":true,"availability_zone_id":true,"id":true,"ipv6_cidr_block_association_id":true,"owner_id":true,"private_dns_hostname_type_on_launch":true,"tags":{},"tags_all":{},"vpc_id":true},"before_sensitive":false,"after_sensitive":{"tags":{},"tags_all":{}}}},{"address":"aws_subnet.Blue-green-deployment[1]","mode":"managed","type":"aws_subnet","name":"Blue-green-deployment","index":1,"provider_name":"registry.terraform.io/hashicorp/aws","change":{"actions":["create"],"before":null,"after":{"assign_ipv6_address_on_creation":false,"availability_zone":"us-east-1b","cidr_block":"10.0.2.0/24","customer_owned_ipv4_pool":null,"enable_dns64":false,"enable_resource_name_dns_a_record_on_launch":false,"enable_resource_name_dns_aaaa_record_on_launch":false,"ipv6_cidr_block":null,"ipv6_native":false,"map_customer_owned_ip_on_launch":null,"map_public_ip_on_launch":true,"outpost_arn":null,"tags":{"Name":"us-east-1b (v1)"},"tags_all":{"Name":"us-east-1b (v1)"},"timeouts":null},"after_unknown":{"arn":true,"availability_zone_id":true,"id":true,"ipv6_cidr_block_association_id":true,"owner_id":true,"private_dns_hostname_type_on_launch":true,"tags":{},"tags_all":{},"vpc_id":true},"before_sensitive":false,"after_sensitive":{"tags":{},"tags_all":{}}}},{"address":"aws_subnet.Blue-green-deployment[2]","mode":"managed","type":"aws_subnet","name":"Blue-green-deployment","index":2,"provider_name":"registry.terraform.io/hashicorp/aws","change":{"actions":["create"],"before":null,"after":{"assign_ipv6_address_on_creation":false,"availability_zone":"us-east-1c","cidr_block":"10.0.3.0/24","customer_owned_ipv4_pool":null,"enable_dns64":false,"enable_resource_name_dns_a_record_on_launch":false,"enable_resource_name_dns_aaaa_record_on_launch":false,"ipv6_cidr_block":null,"ipv6_native":false,"map_customer_owned_ip_on_launch":null,"map_public_ip_on_launch":true,"outpost_arn":null,"tags":{"Name":"us-east-1c (v1)"},"tags_all":{"Name":"us-east-1c (v1)"},"timeouts":null},"after_unknown":{"arn":true,"availability_zone_id":true,"id":true,"ipv6_cidr_block_association_id":true,"owner_id":true,"private_dns_hostname_type_on_launch":true,"tags":{},"tags_all":{},"vpc_id":true},"before_sensitive":false,"after_sensitive":{"tags":{},"tags_all":{}}}},{"address":"aws_vpc.Blue-green-deployment","mode":"managed","type":"aws_vpc","name":"Blue-green-deployment","provider_name":"registry.terraform.io/hashicorp/aws","change":{"actions":["create"],"before":null,"after":{"assign_generated_ipv6_cidr_block":null,"cidr_block":"10.0.0.0/16","enable_classiclink":false,"enable_dns_hostnames":true,"enable_dns_support":true,"instance_tenancy":"default","ipv4_ipam_pool_id":null,"ipv4_netmask_length":null,"ipv6_ipam_pool_id":null,"ipv6_netmask_length":null,"tags":{"Name":"Blue-green-deployment (v1)"},"tags_all":{"Name":"Blue-green-deployment (v1)"}},"after_unknown":{"arn":true,"default_network_acl_id":true,"default_route_table_id":true,"default_security_group_id":true,"dhcp_options_id":true,"enable_classiclink_dns_support":true,"enable_network_address_usage_metrics":true,"id":true,"ipv6_association_id":true,"ipv6_cidr_block":true,"ipv6_cidr_block_network_border_group":true,"main_route_table_id":true,"owner_id":true,"tags":{},"tags_all":{}},"before_sensitive":false,"after_sensitive":{"tags":{},"tags_all":{}}}}],"output_changes":{"lb_dns_name":{"actions":["create"],"before":null,"after_unknown":true,"before_sensitive":false,"after_sensitive":false}},"prior_state":{"format_version":"1.0","terraform_version":"1.2.5","values":{"root_module":{"resources":[{"address":"data.aws_ami.amzlinux","mode":"data","type":"aws_ami","name":"amzlinux","provider_name":"registry.terraform.io/hashicorp/aws","schema_version":0,"values":{"architecture":"x86_64","arn":"arn:aws:ec2:us-east-1::image/ami-007868005aea67c54","block_device_mappings":[{"device_name":"/dev/xvda","ebs":{"delete_on_termination":"true","encrypted":"false","iops":"0","snapshot_id":"snap-023cfd0d04c4543c4","throughput":"0","volume_size":"8","volume_type":"gp2"},"no_device":"","virtual_name":""}],"boot_mode":"","creation_date":"2023-01-25T17:10:05.000Z","deprecation_time":"2025-01-25T17:10:05.000Z","description":"Amazon Linux 2 AMI 2.0.20230119.1 x86_64 HVM gp2","ena_support":true,"executable_users":null,"filter":[{"name":"architecture","values":["x86_64"]},{"name":"name","values":["amzn2-ami-hvm-*-gp2"]},{"name":"root-device-type","values":["ebs"]},{"name":"virtualization-type","values":["hvm"]}],"hypervisor":"xen","id":"ami-007868005aea67c54","image_id":"ami-007868005aea67c54","image_location":"amazon/amzn2-ami-hvm-2.0.20230119.1-x86_64-gp2","image_owner_alias":"amazon","image_type":"machine","imds_support":"","include_deprecated":false,"kernel_id":"","most_recent":true,"name":"amzn2-ami-hvm-2.0.20230119.1-x86_64-gp2","name_regex":null,"owner_id":"137112412989","owners":["amazon"],"platform":"","platform_details":"Linux/UNIX","product_codes":[],"public":true,"ramdisk_id":"","root_device_name":"/dev/xvda","root_device_type":"ebs","root_snapshot_id":"snap-023cfd0d04c4543c4","sriov_net_support":"simple","state":"available","state_reason":{"code":"UNSET","message":"UNSET"},"tags":{},"timeouts":null,"tpm_support":"","usage_operation":"RunInstances","virtualization_type":"hvm"},"sensitive_values":{"block_device_mappings":[{"ebs":{}}],"filter":[{"values":[false]},{"values":[false]},{"values":[false]},{"values":[false]}],"owners":[false],"product_codes":[],"state_reason":{},"tags":{}}}]}}},"configuration":{"provider_config":{"aws":{"name":"aws","full_name":"registry.terraform.io/hashicorp/aws"}},"root_module":{"outputs":{"lb_dns_name":{"expression":{"references":["aws_lb.Blue-green-deployment.dns_name","aws_lb.Blue-green-deployment"]}}},"resources":[{"address":"aws_instance.Blue-green-deployment-blue","mode":"managed","type":"aws_instance","name":"Blue-green-deployment-blue","provider_config_key":"aws","expressions":{"ami":{"references":["data.aws_ami.amzlinux.id","data.aws_ami.amzlinux"]},"instance_type":{"references":["var.instance_type"]},"subnet_id":{"references":["local.subnets","count.index"]},"tags":{"references":["count.index","var.infrastructure_version","var.infrastructure_version"]},"user_data":{"references":["count.index"]},"vpc_security_group_ids":{"references":["aws_security_group.Blue-green-deployment.id","aws_security_group.Blue-green-deployment"]}},"schema_version":1,"count_expression":{"references":["var.enable_blue_env","var.blue_instance_count"]}},{"address":"aws_instance.Blue-green-deployment-green","mode":"managed","type":"aws_instance","name":"Blue-green-deployment-green","provider_config_key":"aws","expressions":{"ami":{"references":["data.aws_ami.amzlinux.id","data.aws_ami.amzlinux"]},"instance_type":{"references":["var.instance_type"]},"subnet_id":{"references":["local.subnets","count.index"]},"tags":{"references":["count.index","var.infrastructure_version","var.infrastructure_version"]},"user_data":{"references":["count.index"]},"vpc_security_group_ids":{"references":["aws_security_group.Blue-green-deployment.id","aws_security_group.Blue-green-deployment"]}},"schema_version":1,"count_expression":{"references":["var.enable_green_env","var.green_instance_count"]}},{"address":"aws_internet_gateway.Blue-green-deployment","mode":"managed","type":"aws_internet_gateway","name":"Blue-green-deployment","provider_config_key":"aws","expressions":{"tags":{"references":["var.infrastructure_version"]},"vpc_id":{"references":["aws_vpc.Blue-green-deployment.id","aws_vpc.Blue-green-deployment"]}},"schema_version":0},{"address":"aws_lb.Blue-green-deployment","mode":"managed","type":"aws_lb","name":"Blue-green-deployment","provider_config_key":"aws","expressions":{"internal":{"constant_value":false},"load_balancer_type":{"constant_value":"application"},"name":{"references":["var.infrastructure_version"]},"security_groups":{"references":["aws_security_group.Blue-green-deployment.id","aws_security_group.Blue-green-deployment"]},"subnets":{"references":["aws_subnet.Blue-green-deployment"]},"tags":{"references":["var.infrastructure_version"]}},"schema_version":0},{"address":"aws_lb_listener.Blue-green-deployment","mode":"managed","type":"aws_lb_listener","name":"Blue-green-deployment","provider_config_key":"aws","expressions":{"default_action":[{"forward":[{"stickiness":[{"duration":{"constant_value":1},"enabled":{"constant_value":false}}],"target_group":[{"arn":{"references":["aws_lb_target_group.Blue-green-deployment-blue.arn","aws_lb_target_group.Blue-green-deployment-blue"]},"weight":{"references":["local.traffic_dist_map","var.traffic_distribution"]}},{"arn":{"references":["aws_lb_target_group.Blue-green-deployment-green.arn","aws_lb_target_group.Blue-green-deployment-green"]},"weight":{"references":["local.traffic_dist_map","var.traffic_distribution"]}}]}],"type":{"constant_value":"forward"}}],"load_balancer_arn":{"references":["aws_lb.Blue-green-deployment.arn","aws_lb.Blue-green-deployment"]},"port":{"constant_value":"80"},"protocol":{"constant_value":"HTTP"}},"schema_version":0},{"address":"aws_lb_target_group.Blue-green-deployment-blue","mode":"managed","type":"aws_lb_target_group","name":"Blue-green-deployment-blue","provider_config_key":"aws","expressions":{"health_check":[{"interval":{"constant_value":10},"port":{"constant_value":80},"protocol":{"constant_value":"HTTP"},"timeout":{"constant_value":5}}],"name":{"references":["var.infrastructure_version"]},"port":{"constant_value":80},"protocol":{"constant_value":"HTTP"},"vpc_id":{"references":["aws_vpc.Blue-green-deployment.id","aws_vpc.Blue-green-deployment"]}},"schema_version":0},{"address":"aws_lb_target_group.Blue-green-deployment-green","mode":"managed","type":"aws_lb_target_group","name":"Blue-green-deployment-green","provider_config_key":"aws","expressions":{"health_check":[{"interval":{"constant_value":10},"port":{"constant_value":80},"protocol":{"constant_value":"HTTP"},"timeout":{"constant_value":5}}],"name":{"references":["var.infrastructure_version"]},"port":{"constant_value":80},"protocol":{"constant_value":"HTTP"},"vpc_id":{"references":["aws_vpc.Blue-green-deployment.id","aws_vpc.Blue-green-deployment"]}},"schema_version":0},{"address":"aws_lb_target_group_attachment.Blue-green-deployment-blue","mode":"managed","type":"aws_lb_target_group_attachment","name":"Blue-green-deployment-blue","provider_config_key":"aws","expressions":{"port":{"constant_value":80},"target_group_arn":{"references":["aws_lb_target_group.Blue-green-deployment-blue.arn","aws_lb_target_group.Blue-green-deployment-blue"]},"target_id":{"references":["aws_instance.Blue-green-deployment-blue","count.index"]}},"schema_version":0,"count_expression":{"references":["aws_instance.Blue-green-deployment-blue"]}},{"address":"aws_lb_target_group_attachment.Blue-green-deployment-green","mode":"managed","type":"aws_lb_target_group_attachment","name":"Blue-green-deployment-green","provider_config_key":"aws","expressions":{"port":{"constant_value":80},"target_group_arn":{"references":["aws_lb_target_group.Blue-green-deployment-green.arn","aws_lb_target_group.Blue-green-deployment-green"]},"target_id":{"references":["aws_instance.Blue-green-deployment-green","count.index"]}},"schema_version":0,"count_expression":{"references":["aws_instance.Blue-green-deployment-green"]}},{"address":"aws_route_table.Blue-green-deployment","mode":"managed","type":"aws_route_table","name":"Blue-green-deployment","provider_config_key":"aws","expressions":{"route":{"references":["aws_internet_gateway.Blue-green-deployment.id","aws_internet_gateway.Blue-green-deployment"]},"tags":{"references":["var.infrastructure_version"]},"vpc_id":{"references":["aws_vpc.Blue-green-deployment.id","aws_vpc.Blue-green-deployment"]}},"schema_version":0},{"address":"aws_route_table_association.Blue-green-deployment","mode":"managed","type":"aws_route_table_association","name":"Blue-green-deployment","provider_config_key":"aws","expressions":{"route_table_id":{"references":["aws_route_table.Blue-green-deployment.id","aws_route_table.Blue-green-deployment"]},"subnet_id":{"references":["local.subnets","count.index"]}},"schema_version":0,"count_expression":{"constant_value":3}},{"address":"aws_security_group.Blue-green-deployment","mode":"managed","type":"aws_security_group","name":"Blue-green-deployment","provider_config_key":"aws","expressions":{"description":{"constant_value":"Blue-green-deployment"},"name":{"references":["var.infrastructure_version"]},"tags":{"references":["var.infrastructure_version"]},"vpc_id":{"references":["aws_vpc.Blue-green-deployment.id","aws_vpc.Blue-green-deployment"]}},"schema_version":1},{"address":"aws_security_group_rule.Blue-green-deployment-inbound","mode":"managed","type":"aws_security_group_rule","name":"Blue-green-deployment-inbound","provider_config_key":"aws","expressions":{"cidr_blocks":{"constant_value":["0.0.0.0/0"]},"from_port":{"constant_value":80},"protocol":{"constant_value":"tcp"},"security_group_id":{"references":["aws_security_group.Blue-green-deployment.id","aws_security_group.Blue-green-deployment"]},"to_port":{"constant_value":80},"type":{"constant_value":"ingress"}},"schema_version":2},{"address":"aws_security_group_rule.Blue-green-deployment-outbound","mode":"managed","type":"aws_security_group_rule","name":"Blue-green-deployment-outbound","provider_config_key":"aws","expressions":{"cidr_blocks":{"constant_value":["0.0.0.0/0"]},"from_port":{"constant_value":0},"protocol":{"constant_value":"-1"},"security_group_id":{"references":["aws_security_group.Blue-green-deployment.id","aws_security_group.Blue-green-deployment"]},"to_port":{"constant_value":0},"type":{"constant_value":"egress"}},"schema_version":2},{"address":"aws_subnet.Blue-green-deployment","mode":"managed","type":"aws_subnet","name":"Blue-green-deployment","provider_config_key":"aws","expressions":{"availability_zone":{"references":["local.availability_zones","count.index"]},"cidr_block":{"references":["local.subnet_count","var.infrastructure_version","count.index"]},"map_public_ip_on_launch":{"constant_value":true},"tags":{"references":["local.availability_zones","count.index","var.infrastructure_version"]},"vpc_id":{"references":["aws_vpc.Blue-green-deployment.id","aws_vpc.Blue-green-deployment"]}},"schema_version":1,"count_expression":{"references":["local.subnet_count"]}},{"address":"aws_vpc.Blue-green-deployment","mode":"managed","type":"aws_vpc","name":"Blue-green-deployment","provider_config_key":"aws","expressions":{"cidr_block":{"constant_value":"10.0.0.0/16"},"enable_classiclink":{"constant_value":false},"enable_dns_hostnames":{"constant_value":true},"enable_dns_support":{"constant_value":true},"instance_tenancy":{"constant_value":"default"},"tags":{"references":["var.infrastructure_version"]}},"schema_version":1},{"address":"data.aws_ami.amzlinux","mode":"data","type":"aws_ami","name":"amzlinux","provider_config_key":"aws","expressions":{"filter":[{"name":{"constant_value":"name"},"values":{"constant_value":["amzn2-ami-hvm-*-gp2"]}},{"name":{"constant_value":"root-device-type"},"values":{"constant_value":["ebs"]}},{"name":{"constant_value":"virtualization-type"},"values":{"constant_value":["hvm"]}},{"name":{"constant_value":"architecture"},"values":{"constant_value":["x86_64"]}}],"most_recent":{"constant_value":true},"owners":{"constant_value":["amazon"]}},"schema_version":0}],"variables":{"aws_region":{"default":"us-east-1","description":"Region in which AWS resources to be created"},"blue_instance_count":{"default":2,"description":"Number of instances in blue environment"},"enable_blue_env":{"default":true,"description":"Enable blue environment"},"enable_green_env":{"default":false,"description":"Enable green environment"},"green_instance_count":{"default":2,"description":"Number of instances in green environment"},"infrastructure_version":{"default":"1"},"instance_type":{"default":"t2.micro","description":"EC2 Instance Type"},"profile":{"default":"default","description":"AWS Credentials Profile configured on your local desktop terminal  $HOME/.aws/credentials"},"traffic_distribution":{"description":"Levels of traffic distribution"}}}},"relevant_attributes":[{"resource":"aws_lb.Blue-green-deployment","attribute":["arn"]},{"resource":"aws_lb.Blue-green-deployment","attribute":["dns_name"]},{"resource":"aws_vpc.Blue-green-deployment","attribute":["id"]},{"resource":"aws_security_group.Blue-green-deployment","attribute":["id"]},{"resource":"aws_subnet.Blue-green-deployment","attribute":[]},{"resource":"aws_lb_target_group.Blue-green-deployment-green","attribute":["arn"]},{"resource":"data.aws_ami.amzlinux","attribute":["id"]},{"resource":"aws_instance.Blue-green-deployment-blue","attribute":[]},{"resource":"aws_internet_gateway.Blue-green-deployment","attribute":["id"]},{"resource":"aws_route_table.Blue-green-deployment","attribute":["id"]},{"resource":"aws_lb_target_group.Blue-green-deployment-blue","attribute":["arn"]}]}
